{
  "name": "JsonEncrypter",
  "lockfileVersion": 3,
  "requires": true,
  "packages": {
    "": {
      "dependencies": {
        "speakeasy": "^2.0.0"
      },
      "devDependencies": {
        "@types/speakeasy": "^2.0.10"
      }
    },
    "node_modules/@types/node": {
      "version": "20.11.22",
      "resolved": "https://registry.npmjs.org/@types/node/-/node-20.11.22.tgz",
      "integrity": "sha512-/G+IxWxma6V3E+pqK1tSl2Fo1kl41pK1yeCyDsgkF9WlVAme4j5ISYM2zR11bgLFJGLN5sVK40T4RJNuiZbEjA==",
      "dev": true,
      "dependencies": {
        "undici-types": "~5.26.4"
      }
    },
    "node_modules/@types/speakeasy": {
      "version": "2.0.10",
      "resolved": "https://registry.npmjs.org/@types/speakeasy/-/speakeasy-2.0.10.tgz",
      "integrity": "sha512-QVRlDW5r4yl7p7xkNIbAIC/JtyOcClDIIdKfuG7PWdDT1MmyhtXSANsildohy0K+Lmvf/9RUtLbNLMacvrVwxA==",
      "dev": true,
      "dependencies": {
        "@types/node": "*"
      }
    },
    "node_modules/base32.js": {
      "version": "0.0.1",
      "resolved": "https://registry.npmjs.org/base32.js/-/base32.js-0.0.1.tgz",
      "integrity": "sha512-EGHIRiegFa62/SsA1J+Xs2tIzludPdzM064N9wjbiEgHnGnJ1V0WEpA4pEwCYT5nDvZk3ubf0shqaCS7k6xeUQ=="
    },
    "node_modules/speakeasy": {
      "version": "2.0.0",
      "resolved": "https://registry.npmjs.org/speakeasy/-/speakeasy-2.0.0.tgz",
      "integrity": "sha512-lW2A2s5LKi8rwu77ewisuUOtlCydF/hmQSOJjpTqTj1gZLkNgTaYnyvfxy2WBr4T/h+9c4g8HIITfj83OkFQFw==",
      "dependencies": {
        "base32.js": "0.0.1"
      },
      "engines": {
        "node": ">= 0.10.0"
      }
    },
    "node_modules/undici-types": {
      "version": "5.26.5",
      "resolved": "https://registry.npmjs.org/undici-types/-/undici-types-5.26.5.tgz",
      "integrity": "sha512-JlCMO+ehdEIKqlFxk6IfVoAUVmgz7cU7zD/h9XZ0qzeosSHmUJVOzSQvvYSYWXkFXC+IfLKSIffhv0sVZup6pA==",
      "dev": true
    }
  }
}
